%{"dbg": {:git, "https://github.com/fishcakez/dbg.git", "5458f74c37679c19718b0e1a872d838c1ae20073", []},
  "dialyze": {:hex, :dialyze, "0.2.0"},
  "ex_spec": {:git, "https://github.com/dkendal/ex_spec.git", "407362c63bd42e6beb2e34b48fa0a8cbf7d164e2", [branch: "master"]},
  "exactor": {:hex, :exactor, "2.1.2"},
  "exyz": {:hex, :exyz, "1.0.0"},
  "pattern_tap": {:hex, :pattern_tap, "0.2.2"}}
