%{"dialyze": {:hex, :dialyze, "0.2.0"},
  "eflame": {:git, "https://github.com/proger/eflame.git", "55f594153d03f41d8dbd6b6da7c784f93fa81345", []},
  "ex_doc": {:hex, :ex_doc, "0.11.1"},
  "ex_spec": {:git, "https://github.com/dkendal/ex_spec.git", "407362c63bd42e6beb2e34b48fa0a8cbf7d164e2", [branch: "master"]},
  "exactor": {:hex, :exactor, "2.2.0"},
  "exyz": {:hex, :exyz, "1.0.0"},
  "poison": {:hex, :poison, "1.5.0"}}
